Microsoft Visual Studio Solution File, Format Version 12.00
# Visual Studio Version 17
VisualStudioVersion = 17.11.35222.181
MinimumVisualStudioVersion = 10.0.40219.1
Project("{9A19103F-16F7-4668-BE54-9A1E7A4F7556}") = "Obhijog.Domain", "src\Obhijog.Domain\Obhijog.Domain.csproj", "{CE476A5F-068B-4093-B6F3-08E67CAB9910}"
EndProject
Project("{9A19103F-16F7-4668-BE54-9A1E7A4F7556}") = "Obhijog.Infrastructure", "src\Obhijog.Infrastructure\Obhijog.Infrastructure.csproj", "{5E741A36-F2C2-43CC-852A-BF4F9A12E692}"
EndProject
Project("{9A19103F-16F7-4668-BE54-9A1E7A4F7556}") = "Obhijog.Api", "src\Obhijog.Api\Obhijog.Api.csproj", "{E6067310-9B92-4095-89C4-AD298CB7D03F}"
EndProject
Project("{9A19103F-16F7-4668-BE54-9A1E7A4F7556}") = "Obhijog.Tests", "tests\Obhijog.Tests\Obhijog.Tests.csproj", "{7AACF32F-6650-47C0-8E6B-729E17A15B4F}"
EndProject
Project("{2150E333-8FDC-42A3-9474-1A3956D46DE8}") = "src", "src", "{C2F79B33-50F4-49BE-B4B8-FD34536E79E8}"
EndProject
Project("{2150E333-8FDC-42A3-9474-1A3956D46DE8}") = "tests", "tests", "{B636E05A-F836-4AA4-9081-62E3901D9473}"
EndProject
Global
	GlobalSection(SolutionConfigurationPlatforms) = preSolution
		Debug|Any CPU = Debug|Any CPU
		Release|Any CPU = Release|Any CPU
	EndGlobalSection
	GlobalSection(ProjectConfigurationPlatforms) = postSolution
		{CE476A5F-068B-4093-B6F3-08E67CAB9910}.Debug|Any CPU.ActiveCfg = Debug|Any CPU
		{CE476A5F-068B-4093-B6F3-08E67CAB9910}.Debug|Any CPU.Build.0 = Debug|Any CPU
		{CE476A5F-068B-4093-B6F3-08E67CAB9910}.Release|Any CPU.ActiveCfg = Release|Any CPU
		{CE476A5F-068B-4093-B6F3-08E67CAB9910}.Release|Any CPU.Build.0 = Release|Any CPU
		{5E741A36-F2C2-43CC-852A-BF4F9A12E692}.Debug|Any CPU.ActiveCfg = Debug|Any CPU
		{5E741A36-F2C2-43CC-852A-BF4F9A12E692}.Debug|Any CPU.Build.0 = Debug|Any CPU
		{5E741A36-F2C2-43CC-852A-BF4F9A12E692}.Release|Any CPU.ActiveCfg = Release|Any CPU
		{5E741A36-F2C2-43CC-852A-BF4F9A12E692}.Release|Any CPU.Build.0 = Release|Any CPU
		{E6067310-9B92-4095-89C4-AD298CB7D03F}.Debug|Any CPU.ActiveCfg = Debug|Any CPU
		{E6067310-9B92-4095-89C4-AD298CB7D03F}.Debug|Any CPU.Build.0 = Debug|Any CPU
		{E6067310-9B92-4095-89C4-AD298CB7D03F}.Release|Any CPU.ActiveCfg = Release|Any CPU
		{E6067310-9B92-4095-89C4-AD298CB7D03F}.Release|Any CPU.Build.0 = Release|Any CPU
		{7AACF32F-6650-47C0-8E6B-729E17A15B4F}.Debug|Any CPU.ActiveCfg = Debug|Any CPU
		{7AACF32F-6650-47C0-8E6B-729E17A15B4F}.Debug|Any CPU.Build.0 = Debug|Any CPU
		{7AACF32F-6650-47C0-8E6B-729E17A15B4F}.Release|Any CPU.ActiveCfg = Release|Any CPU
		{7AACF32F-6650-47C0-8E6B-729E17A15B4F}.Release|Any CPU.Build.0 = Release|Any CPU
	EndGlobalSection
	GlobalSection(SolutionProperties) = preSolution
		HideSolutionNode = FALSE
	EndGlobalSection
	GlobalSection(NestedProjects) = preSolution
		{CE476A5F-068B-4093-B6F3-08E67CAB9910} = {C2F79B33-50F4-49BE-B4B8-FD34536E79E8}
		{5E741A36-F2C2-43CC-852A-BF4F9A12E692} = {C2F79B33-50F4-49BE-B4B8-FD34536E79E8}
		{E6067310-9B92-4095-89C4-AD298CB7D03F} = {C2F79B33-50F4-49BE-B4B8-FD34536E79E8}
		{7AACF32F-6650-47C0-8E6B-729E17A15B4F} = {B636E05A-F836-4AA4-9081-62E3901D9473}
	EndGlobalSection
	GlobalSection(ExtensibilityGlobals) = postSolution
		SolutionGuid = {1951E265-5015-490D-BF34-ECB550CA57F3}
	EndGlobalSection
EndGlobal
